// !$*UTF8*$!
{
	archiveVersion = 1;
	classes = {
	};
	objectVersion = 50;
	objects = {

/* Begin PBXBuildFile section */
		D32C2CBE210FCA41008089AC /* Extension.swift in Sources */ = {isa = PBXBuildFile; fileRef = D32C2CBD210FCA41008089AC /* Extension.swift */; };
		D3FDA43221094EE30058E77C /* main.swift in Sources */ = {isa = PBXBuildFile; fileRef = D3FDA43121094EE30058E77C /* main.swift */; };
		D3FDA43A21094F370058E77C /* Vehicle.swift in Sources */ = {isa = PBXBuildFile; fileRef = D3FDA43921094F370058E77C /* Vehicle.swift */; };
		D3FDA43C210950710058E77C /* Car.swift in Sources */ = {isa = PBXBuildFile; fileRef = D3FDA43B210950710058E77C /* Car.swift */; };
		D3FDA43E210951A60058E77C /* Motorcycle.swift in Sources */ = {isa = PBXBuildFile; fileRef = D3FDA43D210951A60058E77C /* Motorcycle.swift */; };
		D3FDA440210956040058E77C /* Employee.swift in Sources */ = {isa = PBXBuildFile; fileRef = D3FDA43F210956040058E77C /* Employee.swift */; };
		D3FDA442210A7DCF0058E77C /* IDisplay.swift in Sources */ = {isa = PBXBuildFile; fileRef = D3FDA441210A7DCF0058E77C /* IDisplay.swift */; };
		D3FDA444210A88E50058E77C /* FullTime_Employee.swift in Sources */ = {isa = PBXBuildFile; fileRef = D3FDA443210A88E50058E77C /* FullTime_Employee.swift */; };
		D3FDA446210A919E0058E77C /* Intern.swift in Sources */ = {isa = PBXBuildFile; fileRef = D3FDA445210A919E0058E77C /* Intern.swift */; };
		D3FDA448210A92AE0058E77C /* PartTime.swift in Sources */ = {isa = PBXBuildFile; fileRef = D3FDA447210A92AE0058E77C /* PartTime.swift */; };
		D3FDA44A210A940E0058E77C /* CommisionedBased .swift in Sources */ = {isa = PBXBuildFile; fileRef = D3FDA449210A940E0058E77C /* CommisionedBased .swift */; };
		D3FDA450210BE8D70058E77C /* Fixedbase.swift in Sources */ = {isa = PBXBuildFile; fileRef = D3FDA44F210BE8D70058E77C /* Fixedbase.swift */; };
/* End PBXBuildFile section */

/* Begin PBXCopyFilesBuildPhase section */
		D3FDA42C21094EE30058E77C /* CopyFiles */ = {
			isa = PBXCopyFilesBuildPhase;
			buildActionMask = 2147483647;
			dstPath = /usr/share/man/man1/;
			dstSubfolderSpec = 0;
			files = (
			);
			runOnlyForDeploymentPostprocessing = 1;
		};
/* End PBXCopyFilesBuildPhase section */

/* Begin PBXFileReference section */
		D32C2CBD210FCA41008089AC /* Extension.swift */ = {isa = PBXFileReference; lastKnownFileType = sourcecode.swift; path = Extension.swift; sourceTree = "<group>"; };
		D3FDA42E21094EE30058E77C /* Group11_S2018_MAD3004_FinalProject */ = {isa = PBXFileReference; explicitFileType = "compiled.mach-o.executable"; includeInIndex = 0; path = Group11_S2018_MAD3004_FinalProject; sourceTree = BUILT_PRODUCTS_DIR; };
		D3FDA43121094EE30058E77C /* main.swift */ = {isa = PBXFileReference; lastKnownFileType = sourcecode.swift; path = main.swift; sourceTree = "<group>"; };
		D3FDA43921094F370058E77C /* Vehicle.swift */ = {isa = PBXFileReference; lastKnownFileType = sourcecode.swift; path = Vehicle.swift; sourceTree = "<group>"; };
		D3FDA43B210950710058E77C /* Car.swift */ = {isa = PBXFileReference; lastKnownFileType = sourcecode.swift; path = Car.swift; sourceTree = "<group>"; };
		D3FDA43D210951A60058E77C /* Motorcycle.swift */ = {isa = PBXFileReference; lastKnownFileType = sourcecode.swift; path = Motorcycle.swift; sourceTree = "<group>"; };
		D3FDA43F210956040058E77C /* Employee.swift */ = {isa = PBXFileReference; lastKnownFileType = sourcecode.swift; path = Employee.swift; sourceTree = "<group>"; };
		D3FDA441210A7DCF0058E77C /* IDisplay.swift */ = {isa = PBXFileReference; lastKnownFileType = sourcecode.swift; path = IDisplay.swift; sourceTree = "<group>"; };
		D3FDA443210A88E50058E77C /* FullTime_Employee.swift */ = {isa = PBXFileReference; lastKnownFileType = sourcecode.swift; path = FullTime_Employee.swift; sourceTree = "<group>"; };
		D3FDA445210A919E0058E77C /* Intern.swift */ = {isa = PBXFileReference; lastKnownFileType = sourcecode.swift; path = Intern.swift; sourceTree = "<group>"; };
		D3FDA447210A92AE0058E77C /* PartTime.swift */ = {isa = PBXFileReference; lastKnownFileType = sourcecode.swift; path = PartTime.swift; sourceTree = "<group>"; };
		D3FDA449210A940E0058E77C /* CommisionedBased .swift */ = {isa = PBXFileReference; lastKnownFileType = sourcecode.swift; path = "CommisionedBased .swift"; sourceTree = "<group>"; };
		D3FDA44F210BE8D70058E77C /* Fixedbase.swift */ = {isa = PBXFileReference; lastKnownFileType = sourcecode.swift; path = Fixedbase.swift; sourceTree = "<group>"; };
/* End PBXFileReference section */

/* Begin PBXFrameworksBuildPhase section */
		D3FDA42B21094EE30058E77C /* Frameworks */ = {
			isa = PBXFrameworksBuildPhase;
			buildActionMask = 2147483647;
			files = (
			);
			runOnlyForDeploymentPostprocessing = 0;
		};
/* End PBXFrameworksBuildPhase section */

/* Begin PBXGroup section */
		D3FDA42521094EE30058E77C = {
			isa = PBXGroup;
			children = (
				D3FDA43021094EE30058E77C /* Group11_S2018_MAD3004_FinalProject */,
				D3FDA42F21094EE30058E77C /* Products */,
			);
			sourceTree = "<group>";
		};
		D3FDA42F21094EE30058E77C /* Products */ = {
			isa = PBXGroup;
			children = (
				D3FDA42E21094EE30058E77C /* Group11_S2018_MAD3004_FinalProject */,
			);
			name = Products;
			sourceTree = "<group>";
		};
		D3FDA43021094EE30058E77C /* Group11_S2018_MAD3004_FinalProject */ = {
			isa = PBXGroup;
			children = (
				D3FDA43821094EFF0058E77C /* Classes */,
				D3FDA43121094EE30058E77C /* main.swift */,
			);
			path = Group11_S2018_MAD3004_FinalProject;
			sourceTree = "<group>";
		};
		D3FDA43821094EFF0058E77C /* Classes */ = {
			isa = PBXGroup;
			children = (
				D3FDA43921094F370058E77C /* Vehicle.swift */,
				D3FDA43B210950710058E77C /* Car.swift */,
				D3FDA43D210951A60058E77C /* Motorcycle.swift */,
				D3FDA43F210956040058E77C /* Employee.swift */,
				D3FDA443210A88E50058E77C /* FullTime_Employee.swift */,
				D3FDA441210A7DCF0058E77C /* IDisplay.swift */,
				D3FDA445210A919E0058E77C /* Intern.swift */,
				D3FDA447210A92AE0058E77C /* PartTime.swift */,
				D3FDA449210A940E0058E77C /* CommisionedBased .swift */,
				D3FDA44F210BE8D70058E77C /* Fixedbase.swift */,
				D32C2CBD210FCA41008089AC /* Extension.swift */,
			);
			path = Classes;
			sourceTree = "<group>";
		};
/* End PBXGroup section */

/* Begin PBXNativeTarget section */
		D3FDA42D21094EE30058E77C /* Group11_S2018_MAD3004_FinalProject */ = {
			isa = PBXNativeTarget;
			buildConfigurationList = D3FDA43521094EE30058E77C /* Build configuration list for PBXNativeTarget "Group11_S2018_MAD3004_FinalProject" */;
			buildPhases = (
				D3FDA42A21094EE30058E77C /* Sources */,
				D3FDA42B21094EE30058E77C /* Frameworks */,
				D3FDA42C21094EE30058E77C /* CopyFiles */,
			);
			buildRules = (
			);
			dependencies = (
			);
			name = Group11_S2018_MAD3004_FinalProject;
			productName = Group11_S2018_MAD3004_FinalProject;
			productReference = D3FDA42E21094EE30058E77C /* Group11_S2018_MAD3004_FinalProject */;
			productType = "com.apple.product-type.tool";
		};
/* End PBXNativeTarget section */

/* Begin PBXProject section */
		D3FDA42621094EE30058E77C /* Project object */ = {
			isa = PBXProject;
			attributes = {
				LastSwiftUpdateCheck = 0940;
				LastUpgradeCheck = 0940;
				ORGANIZATIONNAME = yash;
				TargetAttributes = {
					D3FDA42D21094EE30058E77C = {
						CreatedOnToolsVersion = 9.4.1;
					};
				};
			};
			buildConfigurationList = D3FDA42921094EE30058E77C /* Build configuration list for PBXProject "Group11_S2018_MAD3004_FinalProject" */;
			compatibilityVersion = "Xcode 9.3";
			developmentRegion = en;
			hasScannedForEncodings = 0;
			knownRegions = (
				en,
			);
			mainGroup = D3FDA42521094EE30058E77C;
			productRefGroup = D3FDA42F21094EE30058E77C /* Products */;
			projectDirPath = "";
			projectRoot = "";
			targets = (
				D3FDA42D21094EE30058E77C /* Group11_S2018_MAD3004_FinalProject */,
			);
		};
/* End PBXProject section */

/* Begin PBXSourcesBuildPhase section */
		D3FDA42A21094EE30058E77C /* Sources */ = {
			isa = PBXSourcesBuildPhase;
			buildActionMask = 2147483647;
			files = (
				D3FDA43E210951A60058E77C /* Motorcycle.swift in Sources */,
				D3FDA43A21094F370058E77C /* Vehicle.swift in Sources */,
				D3FDA43221094EE30058E77C /* main.swift in Sources */,
				D32C2CBE210FCA41008089AC /* Extension.swift in Sources */,
				D3FDA448210A92AE0058E77C /* PartTime.swift in Sources */,
				D3FDA44A210A940E0058E77C /* CommisionedBased .swift in Sources */,
				D3FDA440210956040058E77C /* Employee.swift in Sources */,
				D3FDA444210A88E50058E77C /* FullTime_Employee.swift in Sources */,
				D3FDA450210BE8D70058E77C /* Fixedbase.swift in Sources */,
				D3FDA442210A7DCF0058E77C /* IDisplay.swift in Sources */,
				D3FDA43C210950710058E77C /* Car.swift in Sources */,
				D3FDA446210A919E0058E77C /* Intern.swift in Sources */,
			);
			runOnlyForDeploymentPostprocessing = 0;
		};
/* End PBXSourcesBuildPhase section */

/* Begin XCBuildConfiguration section */
		D3FDA43321094EE30058E77C /* Debug */ = {
			isa = XCBuildConfiguration;
			buildSettings = {
				ALWAYS_SEARCH_USER_PATHS = NO;
				CLANG_ANALYZER_NONNULL = YES;
				CLANG_ANALYZER_NUMBER_OBJECT_CONVERSION = YES_AGGRESSIVE;
				CLANG_CXX_LANGUAGE_STANDARD = "gnu++14";
				CLANG_CXX_LIBRARY = "libc++";
				CLANG_ENABLE_MODULES = YES;
				CLANG_ENABLE_OBJC_ARC = YES;
				CLANG_ENABLE_OBJC_WEAK = YES;
				CLANG_WARN_BLOCK_CAPTURE_AUTORELEASING = YES;
				CLANG_WARN_BOOL_CONVERSION = YES;
				CLANG_WARN_COMMA = YES;
				CLANG_WARN_CONSTANT_CONVERSION = YES;
				CLANG_WARN_DEPRECATED_OBJC_IMPLEMENTATIONS = YES;
				CLANG_WARN_DIRECT_OBJC_ISA_USAGE = YES_ERROR;
				CLANG_WARN_DOCUMENTATION_COMMENTS = YES;
				CLANG_WARN_EMPTY_BODY = YES;
				CLANG_WARN_ENUM_CONVERSION = YES;
				CLANG_WARN_INFINITE_RECURSION = YES;
				CLANG_WARN_INT_CONVERSION = YES;
				CLANG_WARN_NON_LITERAL_NULL_CONVERSION = YES;
				CLANG_WARN_OBJC_IMPLICIT_RETAIN_SELF = YES;
				CLANG_WARN_OBJC_LITERAL_CONVERSION = YES;
				CLANG_WARN_OBJC_ROOT_CLASS = YES_ERROR;
				CLANG_WARN_RANGE_LOOP_ANALYSIS = YES;
				CLANG_WARN_STRICT_PROTOTYPES = YES;
				CLANG_WARN_SUSPICIOUS_MOVE = YES;
				CLANG_WARN_UNGUARDED_AVAILABILITY = YES_AGGRESSIVE;
				CLANG_WARN_UNREACHABLE_CODE = YES;
				CLANG_WARN__DUPLICATE_METHOD_MATCH = YES;
				CODE_SIGN_IDENTITY = "-";
				COPY_PHASE_STRIP = NO;
				DEBUG_INFORMATION_FORMAT = dwarf;
				ENABLE_STRICT_OBJC_MSGSEND = YES;
				ENABLE_TESTABILITY = YES;
				GCC_C_LANGUAGE_STANDARD = gnu11;
				GCC_DYNAMIC_NO_PIC = NO;
				GCC_NO_COMMON_BLOCKS = YES;
				GCC_OPTIMIZATION_LEVEL = 0;
				GCC_PREPROCESSOR_DEFINITIONS = (
					"DEBUG=1",
					"$(inherited)",
				);
				GCC_WARN_64_TO_32_BIT_CONVERSION = YES;
				GCC_WARN_ABOUT_RETURN_TYPE = YES_ERROR;
				GCC_WARN_UNDECLARED_SELECTOR = YES;
				GCC_WARN_UNINITIALIZED_AUTOS = YES_AGGRESSIVE;
				GCC_WARN_UNUSED_FUNCTION = YES;
				GCC_WARN_UNUSED_VARIABLE = YES;
				MACOSX_DEPLOYMENT_TARGET = 10.13;
				MTL_ENABLE_DEBUG_INFO = YES;
				ONLY_ACTIVE_ARCH = YES;
				SDKROOT = macosx;
				SWIFT_ACTIVE_COMPILATION_CONDITIONS = DEBUG;
				SWIFT_OPTIMIZATION_LEVEL = "-Onone";
			};
			name = Debug;
		};
		D3FDA43421094EE30058E77C /* Release */ = {
			isa = XCBuildConfiguration;
			buildSettings = {
				ALWAYS_SEARCH_USER_PATHS = NO;
				CLANG_ANALYZER_NONNULL = YES;
				CLANG_ANALYZER_NUMBER_OBJECT_CONVERSION = YES_AGGRESSIVE;
				CLANG_CXX_LANGUAGE_STANDARD = "gnu++14";
				CLANG_CXX_LIBRARY = "libc++";
				CLANG_ENABLE_MODULES = YES;
				CLANG_ENABLE_OBJC_ARC = YES;
				CLANG_ENABLE_OBJC_WEAK = YES;
				CLANG_WARN_BLOCK_CAPTURE_AUTORELEASING = YES;
				CLANG_WARN_BOOL_CONVERSION = YES;
				CLANG_WARN_COMMA = YES;
				CLANG_WARN_CONSTANT_CONVERSION = YES;
				CLANG_WARN_DEPRECATED_OBJC_IMPLEMENTATIONS = YES;
				CLANG_WARN_DIRECT_OBJC_ISA_USAGE = YES_ERROR;
				CLANG_WARN_DOCUMENTATION_COMMENTS = YES;
				CLANG_WARN_EMPTY_BODY = YES;
				CLANG_WARN_ENUM_CONVERSION = YES;
				CLANG_WARN_INFINITE_RECURSION = YES;
				CLANG_WARN_INT_CONVERSION = YES;
				CLANG_WARN_NON_LITERAL_NULL_CONVERSION = YES;
				CLANG_WARN_OBJC_IMPLICIT_RETAIN_SELF = YES;
				CLANG_WARN_OBJC_LITERAL_CONVERSION = YES;
				CLANG_WARN_OBJC_ROOT_CLASS = YES_ERROR;
				CLANG_WARN_RANGE_LOOP_ANALYSIS = YES;
				CLANG_WARN_STRICT_PROTOTYPES = YES;
				CLANG_WARN_SUSPICIOUS_MOVE = YES;
				CLANG_WARN_UNGUARDED_AVAILABILITY = YES_AGGRESSIVE;
				CLANG_WARN_UNREACHABLE_CODE = YES;
				CLANG_WARN__DUPLICATE_METHOD_MATCH = YES;
				CODE_SIGN_IDENTITY = "-";
				COPY_PHASE_STRIP = NO;
				DEBUG_INFORMATION_FORMAT = "dwarf-with-dsym";
				ENABLE_NS_ASSERTIONS = NO;
				ENABLE_STRICT_OBJC_MSGSEND = YES;
				GCC_C_LANGUAGE_STANDARD = gnu11;
				GCC_NO_COMMON_BLOCKS = YES;
				GCC_WARN_64_TO_32_BIT_CONVERSION = YES;
				GCC_WARN_ABOUT_RETURN_TYPE = YES_ERROR;
				GCC_WARN_UNDECLARED_SELECTOR = YES;
				GCC_WARN_UNINITIALIZED_AUTOS = YES_AGGRESSIVE;
				GCC_WARN_UNUSED_FUNCTION = YES;
				GCC_WARN_UNUSED_VARIABLE = YES;
				MACOSX_DEPLOYMENT_TARGET = 10.13;
				MTL_ENABLE_DEBUG_INFO = NO;
				SDKROOT = macosx;
				SWIFT_COMPILATION_MODE = wholemodule;
				SWIFT_OPTIMIZATION_LEVEL = "-O";
			};
			name = Release;
		};
		D3FDA43621094EE30058E77C /* Debug */ = {
			isa = XCBuildConfiguration;
			buildSettings = {
				CODE_SIGN_STYLE = Automatic;
				PRODUCT_NAME = "$(TARGET_NAME)";
				SWIFT_VERSION = 4.0;
			};
			name = Debug;
		};
		D3FDA43721094EE30058E77C /* Release */ = {
			isa = XCBuildConfiguration;
			buildSettings = {
				CODE_SIGN_STYLE = Automatic;
				PRODUCT_NAME = "$(TARGET_NAME)";
				SWIFT_VERSION = 4.0;
			};
			name = Release;
		};
/* End XCBuildConfiguration section */

/* Begin XCConfigurationList section */
		D3FDA42921094EE30058E77C /* Build configuration list for PBXProject "Group11_S2018_MAD3004_FinalProject" */ = {
			isa = XCConfigurationList;
			buildConfigurations = (
				D3FDA43321094EE30058E77C /* Debug */,
				D3FDA43421094EE30058E77C /* Release */,
			);
			defaultConfigurationIsVisible = 0;
			defaultConfigurationName = Release;
		};
		D3FDA43521094EE30058E77C /* Build configuration list for PBXNativeTarget "Group11_S2018_MAD3004_FinalProject" */ = {
			isa = XCConfigurationList;
			buildConfigurations = (
				D3FDA43621094EE30058E77C /* Debug */,
				D3FDA43721094EE30058E77C /* Release */,
			);
			defaultConfigurationIsVisible = 0;
			defaultConfigurationName = Release;
		};
/* End XCConfigurationList section */
	};
	rootObject = D3FDA42621094EE30058E77C /* Project object */;
}
